
Microsoft Visual Studio Solution File, Format Version 12.00
# Visual Studio 15
VisualStudioVersion = 15.0.27703.2042
MinimumVisualStudioVersion = 10.0.40219.1
Project("{FAE04EC0-301F-11D3-BF4B-00C04F79EFBC}") = "Aula04", "Aula04\Aula04.csproj", "{FB1106E8-27A6-4BB5-96CA-ACCA5BA25D40}"
EndProject
Project("{FAE04EC0-301F-11D3-BF4B-00C04F79EFBC}") = "ORMEF", "ORMEF\ORMEF.csproj", "{22931517-ECF7-4BBA-A94B-7677B84FF3CA}"
EndProject
Global
	GlobalSection(SolutionConfigurationPlatforms) = preSolution
		Debug|Any CPU = Debug|Any CPU
		Release|Any CPU = Release|Any CPU
	EndGlobalSection
	GlobalSection(ProjectConfigurationPlatforms) = postSolution
		{FB1106E8-27A6-4BB5-96CA-ACCA5BA25D40}.Debug|Any CPU.ActiveCfg = Debug|Any CPU
		{FB1106E8-27A6-4BB5-96CA-ACCA5BA25D40}.Debug|Any CPU.Build.0 = Debug|Any CPU
		{FB1106E8-27A6-4BB5-96CA-ACCA5BA25D40}.Release|Any CPU.ActiveCfg = Release|Any CPU
		{FB1106E8-27A6-4BB5-96CA-ACCA5BA25D40}.Release|Any CPU.Build.0 = Release|Any CPU
		{22931517-ECF7-4BBA-A94B-7677B84FF3CA}.Debug|Any CPU.ActiveCfg = Debug|Any CPU
		{22931517-ECF7-4BBA-A94B-7677B84FF3CA}.Debug|Any CPU.Build.0 = Debug|Any CPU
		{22931517-ECF7-4BBA-A94B-7677B84FF3CA}.Release|Any CPU.ActiveCfg = Release|Any CPU
		{22931517-ECF7-4BBA-A94B-7677B84FF3CA}.Release|Any CPU.Build.0 = Release|Any CPU
	EndGlobalSection
	GlobalSection(SolutionProperties) = preSolution
		HideSolutionNode = FALSE
	EndGlobalSection
	GlobalSection(ExtensibilityGlobals) = postSolution
		SolutionGuid = {375B0764-D46A-49BC-A05D-136118AD056A}
	EndGlobalSection
EndGlobal
